# This file is automatically @generated by Cargo.
# It is not intended for manual editing.
[[package]]
name = "lookahead_buffer"
version = "0.1.0"

[[package]]
name = "notion_formula_core"
version = "0.1.0"
dependencies = [
 "lookahead_buffer",
 "pipeline",
]

[[package]]
name = "notion_formula_runner"
version = "0.1.0"
dependencies = [
 "notion_formula_core",
 "pipeline",
]

[[package]]
name = "pipeline"
version = "0.1.0"
